
Microsoft Visual Studio Solution File, Format Version 12.00
# Visual Studio 15
VisualStudioVersion = 15.0.26124.0
MinimumVisualStudioVersion = 15.0.26124.0
Project("{2150E333-8FDC-42A3-9474-1A3956D46DE8}") = "Api", "Api", "{2DE6836D-A268-4A05-A531-F49925FFC2B3}"
EndProject
Project("{2150E333-8FDC-42A3-9474-1A3956D46DE8}") = "Tests", "Tests", "{783D8CB7-74F6-4F9B-ACEE-488B2F94E8A7}"
EndProject
Project("{9A19103F-16F7-4668-BE54-9A1E7A4F7556}") = "Shop.Catalog.Api.Tests.Unit", "tests\unit\Shop.Catalog.Api.Tests.Unit.csproj", "{C5470B31-2DCB-40C4-83AC-D86198439F53}"
EndProject
Project("{9A19103F-16F7-4668-BE54-9A1E7A4F7556}") = "Shop.Catalog.Api.Tests.Acceptance", "tests\acceptance\Shop.Catalog.Api.Tests.Acceptance.csproj", "{23856681-9142-4D89-8EFC-86A08A155E74}"
EndProject
Project("{9A19103F-16F7-4668-BE54-9A1E7A4F7556}") = "Shop.Catalog.Api", "src\Catalog.Api\Shop.Catalog.Api.csproj", "{0021EADB-5C91-4A67-87F0-8DE9E25C308D}"
EndProject
Project("{9A19103F-16F7-4668-BE54-9A1E7A4F7556}") = "Shop.Catalog.Domain", "src\Catalog.Domain\Shop.Catalog.Domain.csproj", "{66227513-08D1-44CE-87B9-99E5FE839B44}"
EndProject
Project("{FAE04EC0-301F-11D3-BF4B-00C04F79EFBC}") = "Shop.Catalog.Repositories.MySql", "src\Catalog.Repositories.MySql\Shop.Catalog.Repositories.MySql.csproj", "{2AC7C9AD-D1F9-499F-A564-86BE444DD2FB}"
EndProject
Global
	GlobalSection(SolutionConfigurationPlatforms) = preSolution
		Debug|Any CPU = Debug|Any CPU
		Debug|x64 = Debug|x64
		Debug|x86 = Debug|x86
		Release|Any CPU = Release|Any CPU
		Release|x64 = Release|x64
		Release|x86 = Release|x86
	EndGlobalSection
	GlobalSection(ProjectConfigurationPlatforms) = postSolution
		{C5470B31-2DCB-40C4-83AC-D86198439F53}.Debug|Any CPU.ActiveCfg = Debug|Any CPU
		{C5470B31-2DCB-40C4-83AC-D86198439F53}.Debug|Any CPU.Build.0 = Debug|Any CPU
		{C5470B31-2DCB-40C4-83AC-D86198439F53}.Debug|x64.ActiveCfg = Debug|Any CPU
		{C5470B31-2DCB-40C4-83AC-D86198439F53}.Debug|x64.Build.0 = Debug|Any CPU
		{C5470B31-2DCB-40C4-83AC-D86198439F53}.Debug|x86.ActiveCfg = Debug|Any CPU
		{C5470B31-2DCB-40C4-83AC-D86198439F53}.Debug|x86.Build.0 = Debug|Any CPU
		{C5470B31-2DCB-40C4-83AC-D86198439F53}.Release|Any CPU.ActiveCfg = Release|Any CPU
		{C5470B31-2DCB-40C4-83AC-D86198439F53}.Release|Any CPU.Build.0 = Release|Any CPU
		{C5470B31-2DCB-40C4-83AC-D86198439F53}.Release|x64.ActiveCfg = Release|Any CPU
		{C5470B31-2DCB-40C4-83AC-D86198439F53}.Release|x64.Build.0 = Release|Any CPU
		{C5470B31-2DCB-40C4-83AC-D86198439F53}.Release|x86.ActiveCfg = Release|Any CPU
		{C5470B31-2DCB-40C4-83AC-D86198439F53}.Release|x86.Build.0 = Release|Any CPU
		{23856681-9142-4D89-8EFC-86A08A155E74}.Debug|Any CPU.ActiveCfg = Debug|Any CPU
		{23856681-9142-4D89-8EFC-86A08A155E74}.Debug|Any CPU.Build.0 = Debug|Any CPU
		{23856681-9142-4D89-8EFC-86A08A155E74}.Debug|x64.ActiveCfg = Debug|Any CPU
		{23856681-9142-4D89-8EFC-86A08A155E74}.Debug|x64.Build.0 = Debug|Any CPU
		{23856681-9142-4D89-8EFC-86A08A155E74}.Debug|x86.ActiveCfg = Debug|Any CPU
		{23856681-9142-4D89-8EFC-86A08A155E74}.Debug|x86.Build.0 = Debug|Any CPU
		{23856681-9142-4D89-8EFC-86A08A155E74}.Release|Any CPU.ActiveCfg = Release|Any CPU
		{23856681-9142-4D89-8EFC-86A08A155E74}.Release|Any CPU.Build.0 = Release|Any CPU
		{23856681-9142-4D89-8EFC-86A08A155E74}.Release|x64.ActiveCfg = Release|Any CPU
		{23856681-9142-4D89-8EFC-86A08A155E74}.Release|x64.Build.0 = Release|Any CPU
		{23856681-9142-4D89-8EFC-86A08A155E74}.Release|x86.ActiveCfg = Release|Any CPU
		{23856681-9142-4D89-8EFC-86A08A155E74}.Release|x86.Build.0 = Release|Any CPU
		{0021EADB-5C91-4A67-87F0-8DE9E25C308D}.Debug|Any CPU.ActiveCfg = Debug|Any CPU
		{0021EADB-5C91-4A67-87F0-8DE9E25C308D}.Debug|Any CPU.Build.0 = Debug|Any CPU
		{0021EADB-5C91-4A67-87F0-8DE9E25C308D}.Debug|x64.ActiveCfg = Debug|Any CPU
		{0021EADB-5C91-4A67-87F0-8DE9E25C308D}.Debug|x64.Build.0 = Debug|Any CPU
		{0021EADB-5C91-4A67-87F0-8DE9E25C308D}.Debug|x86.ActiveCfg = Debug|Any CPU
		{0021EADB-5C91-4A67-87F0-8DE9E25C308D}.Debug|x86.Build.0 = Debug|Any CPU
		{0021EADB-5C91-4A67-87F0-8DE9E25C308D}.Release|Any CPU.ActiveCfg = Release|Any CPU
		{0021EADB-5C91-4A67-87F0-8DE9E25C308D}.Release|Any CPU.Build.0 = Release|Any CPU
		{0021EADB-5C91-4A67-87F0-8DE9E25C308D}.Release|x64.ActiveCfg = Release|Any CPU
		{0021EADB-5C91-4A67-87F0-8DE9E25C308D}.Release|x64.Build.0 = Release|Any CPU
		{0021EADB-5C91-4A67-87F0-8DE9E25C308D}.Release|x86.ActiveCfg = Release|Any CPU
		{0021EADB-5C91-4A67-87F0-8DE9E25C308D}.Release|x86.Build.0 = Release|Any CPU
		{66227513-08D1-44CE-87B9-99E5FE839B44}.Debug|Any CPU.ActiveCfg = Debug|Any CPU
		{66227513-08D1-44CE-87B9-99E5FE839B44}.Debug|Any CPU.Build.0 = Debug|Any CPU
		{66227513-08D1-44CE-87B9-99E5FE839B44}.Debug|x64.ActiveCfg = Debug|Any CPU
		{66227513-08D1-44CE-87B9-99E5FE839B44}.Debug|x64.Build.0 = Debug|Any CPU
		{66227513-08D1-44CE-87B9-99E5FE839B44}.Debug|x86.ActiveCfg = Debug|Any CPU
		{66227513-08D1-44CE-87B9-99E5FE839B44}.Debug|x86.Build.0 = Debug|Any CPU
		{66227513-08D1-44CE-87B9-99E5FE839B44}.Release|Any CPU.ActiveCfg = Release|Any CPU
		{66227513-08D1-44CE-87B9-99E5FE839B44}.Release|Any CPU.Build.0 = Release|Any CPU
		{66227513-08D1-44CE-87B9-99E5FE839B44}.Release|x64.ActiveCfg = Release|Any CPU
		{66227513-08D1-44CE-87B9-99E5FE839B44}.Release|x64.Build.0 = Release|Any CPU
		{66227513-08D1-44CE-87B9-99E5FE839B44}.Release|x86.ActiveCfg = Release|Any CPU
		{66227513-08D1-44CE-87B9-99E5FE839B44}.Release|x86.Build.0 = Release|Any CPU
		{2AC7C9AD-D1F9-499F-A564-86BE444DD2FB}.Debug|Any CPU.ActiveCfg = Debug|Any CPU
		{2AC7C9AD-D1F9-499F-A564-86BE444DD2FB}.Debug|Any CPU.Build.0 = Debug|Any CPU
		{2AC7C9AD-D1F9-499F-A564-86BE444DD2FB}.Debug|x64.ActiveCfg = Debug|Any CPU
		{2AC7C9AD-D1F9-499F-A564-86BE444DD2FB}.Debug|x64.Build.0 = Debug|Any CPU
		{2AC7C9AD-D1F9-499F-A564-86BE444DD2FB}.Debug|x86.ActiveCfg = Debug|Any CPU
		{2AC7C9AD-D1F9-499F-A564-86BE444DD2FB}.Debug|x86.Build.0 = Debug|Any CPU
		{2AC7C9AD-D1F9-499F-A564-86BE444DD2FB}.Release|Any CPU.ActiveCfg = Release|Any CPU
		{2AC7C9AD-D1F9-499F-A564-86BE444DD2FB}.Release|Any CPU.Build.0 = Release|Any CPU
		{2AC7C9AD-D1F9-499F-A564-86BE444DD2FB}.Release|x64.ActiveCfg = Release|Any CPU
		{2AC7C9AD-D1F9-499F-A564-86BE444DD2FB}.Release|x64.Build.0 = Release|Any CPU
		{2AC7C9AD-D1F9-499F-A564-86BE444DD2FB}.Release|x86.ActiveCfg = Release|Any CPU
		{2AC7C9AD-D1F9-499F-A564-86BE444DD2FB}.Release|x86.Build.0 = Release|Any CPU
	EndGlobalSection
	GlobalSection(SolutionProperties) = preSolution
		HideSolutionNode = FALSE
	EndGlobalSection
	GlobalSection(NestedProjects) = preSolution
		{C5470B31-2DCB-40C4-83AC-D86198439F53} = {783D8CB7-74F6-4F9B-ACEE-488B2F94E8A7}
		{23856681-9142-4D89-8EFC-86A08A155E74} = {783D8CB7-74F6-4F9B-ACEE-488B2F94E8A7}
		{0021EADB-5C91-4A67-87F0-8DE9E25C308D} = {2DE6836D-A268-4A05-A531-F49925FFC2B3}
		{66227513-08D1-44CE-87B9-99E5FE839B44} = {2DE6836D-A268-4A05-A531-F49925FFC2B3}
		{2AC7C9AD-D1F9-499F-A564-86BE444DD2FB} = {2DE6836D-A268-4A05-A531-F49925FFC2B3}
	EndGlobalSection
	GlobalSection(ExtensibilityGlobals) = postSolution
		SolutionGuid = {B3A01145-4A19-4D8E-BDF6-F495AE5EE61C}
	EndGlobalSection
EndGlobal
